// !$*UTF8*$!
{
	archiveVersion = 1;
	classes = {
	};
	objectVersion = 46;
	objects = {

/* Begin PBXBuildFile section */
		651237561D61F73E000A97F5 /* NSString+DL_StringUtil.m in Sources */ = {isa = PBXBuildFile; fileRef = 651237551D61F73E000A97F5 /* NSString+DL_StringUtil.m */; };
		651237581D61F7F4000A97F5 /* CoreGraphics.framework in Frameworks */ = {isa = PBXBuildFile; fileRef = 651237571D61F7F4000A97F5 /* CoreGraphics.framework */; };
		6512375A1D61F919000A97F5 /* SystemConfiguration.framework in Frameworks */ = {isa = PBXBuildFile; fileRef = 651237591D61F919000A97F5 /* SystemConfiguration.framework */; };
		6512375C1D61F930000A97F5 /* MobileCoreServices.framework in Frameworks */ = {isa = PBXBuildFile; fileRef = 6512375B1D61F930000A97F5 /* MobileCoreServices.framework */; };
		6512375E1D61F9B7000A97F5 /* CoreFoundation.framework in Frameworks */ = {isa = PBXBuildFile; fileRef = 6512375D1D61F9B7000A97F5 /* CoreFoundation.framework */; };
		651237611D61FA77000A97F5 /* DLTagView.m in Sources */ = {isa = PBXBuildFile; fileRef = 651237601D61FA77000A97F5 /* DLTagView.m */; };
		651237651D6202BF000A97F5 /* SecondViewController.m in Sources */ = {isa = PBXBuildFile; fileRef = 651237631D6202BF000A97F5 /* SecondViewController.m */; };
		651237661D6202BF000A97F5 /* SecondViewController.xib in Resources */ = {isa = PBXBuildFile; fileRef = 651237641D6202BF000A97F5 /* SecondViewController.xib */; };
		651237691D62149F000A97F5 /* UIView+HXUtility.m in Sources */ = {isa = PBXBuildFile; fileRef = 651237681D62149F000A97F5 /* UIView+HXUtility.m */; };
		651847861D62A1880035994F /* DLAlertHelper.m in Sources */ = {isa = PBXBuildFile; fileRef = 651847851D62A1880035994F /* DLAlertHelper.m */; };
		653B843C1D45AFE700890D00 /* main.m in Sources */ = {isa = PBXBuildFile; fileRef = 653B843B1D45AFE700890D00 /* main.m */; };
		653B843F1D45AFE700890D00 /* AppDelegate.m in Sources */ = {isa = PBXBuildFile; fileRef = 653B843E1D45AFE700890D00 /* AppDelegate.m */; };
		653B84451D45AFE700890D00 /* Main.storyboard in Resources */ = {isa = PBXBuildFile; fileRef = 653B84431D45AFE700890D00 /* Main.storyboard */; };
		653B84471D45AFE700890D00 /* Assets.xcassets in Resources */ = {isa = PBXBuildFile; fileRef = 653B84461D45AFE700890D00 /* Assets.xcassets */; };
		653B844A1D45AFE700890D00 /* LaunchScreen.storyboard in Resources */ = {isa = PBXBuildFile; fileRef = 653B84481D45AFE700890D00 /* LaunchScreen.storyboard */; };
		653FD2661D51976B004DD831 /* DLCollectionItem.m in Sources */ = {isa = PBXBuildFile; fileRef = 653FD2651D51976B004DD831 /* DLCollectionItem.m */; };
		653FD26B1D519A3A004DD831 /* DLCollectionSection.m in Sources */ = {isa = PBXBuildFile; fileRef = 653FD26A1D519A3A004DD831 /* DLCollectionSection.m */; };
		655CA5E31D6C3A6A0085EC36 /* DLAutoScrollLabel.m in Sources */ = {isa = PBXBuildFile; fileRef = 655CA5E21D6C3A6A0085EC36 /* DLAutoScrollLabel.m */; };
		655DE1DA1D4AFF3500E70915 /* DL_ThreadSafeMutableArray.m in Sources */ = {isa = PBXBuildFile; fileRef = 655DE1D91D4AFF3500E70915 /* DL_ThreadSafeMutableArray.m */; };
		6571F04D1DC6EBA200F7BD32 /* FifthViewController.m in Sources */ = {isa = PBXBuildFile; fileRef = 6571F03E1DC6EBA200F7BD32 /* FifthViewController.m */; };
		6571F04E1DC6EBA200F7BD32 /* FifthViewController.xib in Resources */ = {isa = PBXBuildFile; fileRef = 6571F03F1DC6EBA200F7BD32 /* FifthViewController.xib */; };
		6571F04F1DC6EBA200F7BD32 /* ForthViewController.m in Sources */ = {isa = PBXBuildFile; fileRef = 6571F0411DC6EBA200F7BD32 /* ForthViewController.m */; };
		6571F0501DC6EBA200F7BD32 /* ForthViewController.xib in Resources */ = {isa = PBXBuildFile; fileRef = 6571F0421DC6EBA200F7BD32 /* ForthViewController.xib */; };
		6571F0511DC6EBA200F7BD32 /* HXTabItem.m in Sources */ = {isa = PBXBuildFile; fileRef = 6571F0441DC6EBA200F7BD32 /* HXTabItem.m */; };
		6571F0521DC6EBA200F7BD32 /* HXTabView.m in Sources */ = {isa = PBXBuildFile; fileRef = 6571F0461DC6EBA200F7BD32 /* HXTabView.m */; };
		6571F0531DC6EBA200F7BD32 /* SixthViewController.m in Sources */ = {isa = PBXBuildFile; fileRef = 6571F0481DC6EBA200F7BD32 /* SixthViewController.m */; };
		6571F0541DC6EBA200F7BD32 /* SixthViewController.xib in Resources */ = {isa = PBXBuildFile; fileRef = 6571F0491DC6EBA200F7BD32 /* SixthViewController.xib */; };
		6571F0551DC6EBA200F7BD32 /* UIPageContainerViewController.m in Sources */ = {isa = PBXBuildFile; fileRef = 6571F04B1DC6EBA200F7BD32 /* UIPageContainerViewController.m */; };
		6571F0561DC6EBA200F7BD32 /* UIPageContainerViewController.xib in Resources */ = {isa = PBXBuildFile; fileRef = 6571F04C1DC6EBA200F7BD32 /* UIPageContainerViewController.xib */; };
		6571F05F1DC6EBB400F7BD32 /* DL_SegmentedControl.m in Sources */ = {isa = PBXBuildFile; fileRef = 6571F0581DC6EBB400F7BD32 /* DL_SegmentedControl.m */; };
		6571F0601DC6EBB400F7BD32 /* DLRainbowLayer.m in Sources */ = {isa = PBXBuildFile; fileRef = 6571F05A1DC6EBB400F7BD32 /* DLRainbowLayer.m */; };
		6571F0611DC6EBB400F7BD32 /* DLRainbowSegmentControl.m in Sources */ = {isa = PBXBuildFile; fileRef = 6571F05C1DC6EBB400F7BD32 /* DLRainbowSegmentControl.m */; };
		6571F0621DC6EBB400F7BD32 /* DLRainbowView.m in Sources */ = {isa = PBXBuildFile; fileRef = 6571F05E1DC6EBB400F7BD32 /* DLRainbowView.m */; };
		657E23051D533731003F0A40 /* BaseDataModel.m in Sources */ = {isa = PBXBuildFile; fileRef = 657E22F31D533731003F0A40 /* BaseDataModel.m */; };
		657E23061D533731003F0A40 /* DataInModulsDataModel.m in Sources */ = {isa = PBXBuildFile; fileRef = 657E22F51D533731003F0A40 /* DataInModulsDataModel.m */; };
		657E23071D533731003F0A40 /* ModulesDataModel.m in Sources */ = {isa = PBXBuildFile; fileRef = 657E22F71D533731003F0A40 /* ModulesDataModel.m */; };
		657E23081D533731003F0A40 /* ProductDataModel.m in Sources */ = {isa = PBXBuildFile; fileRef = 657E22F91D533731003F0A40 /* ProductDataModel.m */; };
		657E23091D533731003F0A40 /* MainTableViewCell.m in Sources */ = {isa = PBXBuildFile; fileRef = 657E22FC1D533731003F0A40 /* MainTableViewCell.m */; };
		657E230A1D533731003F0A40 /* MainTableViewCell.xib in Resources */ = {isa = PBXBuildFile; fileRef = 657E22FD1D533731003F0A40 /* MainTableViewCell.xib */; };
		657E230B1D533731003F0A40 /* ViewController.m in Sources */ = {isa = PBXBuildFile; fileRef = 657E22FF1D533731003F0A40 /* ViewController.m */; };
		657E230C1D533731003F0A40 /* HomepageRowViewModel.m in Sources */ = {isa = PBXBuildFile; fileRef = 657E23021D533731003F0A40 /* HomepageRowViewModel.m */; };
		657E230D1D533731003F0A40 /* HomePageViewModel.m in Sources */ = {isa = PBXBuildFile; fileRef = 657E23041D533731003F0A40 /* HomePageViewModel.m */; };
		657E23111D533874003F0A40 /* ListDataModel.m in Sources */ = {isa = PBXBuildFile; fileRef = 657E23101D533874003F0A40 /* ListDataModel.m */; };
		657E23141D53396C003F0A40 /* HomePageSectionViewModel.m in Sources */ = {isa = PBXBuildFile; fileRef = 657E23131D53396C003F0A40 /* HomePageSectionViewModel.m */; };
		657E23181D533B55003F0A40 /* demo.js in Resources */ = {isa = PBXBuildFile; fileRef = 657E23171D533B55003F0A40 /* demo.js */; };
		65A0C26F1D770E5000819AC9 /* NSArray+Safe.m in Sources */ = {isa = PBXBuildFile; fileRef = 65A0C26E1D770E5000819AC9 /* NSArray+Safe.m */; };
		65A0C2721D770E6600819AC9 /* NSDictionary+Safe.m in Sources */ = {isa = PBXBuildFile; fileRef = 65A0C2711D770E6600819AC9 /* NSDictionary+Safe.m */; };
		65C391651D4B23B700052E97 /* DL_ThreadSafeMutableDictionary.m in Sources */ = {isa = PBXBuildFile; fileRef = 65C391641D4B23B700052E97 /* DL_ThreadSafeMutableDictionary.m */; };
		65C3916E1D4B484700052E97 /* BKBackgroundTimer.m in Sources */ = {isa = PBXBuildFile; fileRef = 65C3916C1D4B484700052E97 /* BKBackgroundTimer.m */; };
		65E84AA01D45B4A80070ED53 /* DLBaseModel.m in Sources */ = {isa = PBXBuildFile; fileRef = 65E84A9F1D45B4A80070ED53 /* DLBaseModel.m */; };
		65E84AA31D45B5060070ED53 /* DLBaseViewModel.m in Sources */ = {isa = PBXBuildFile; fileRef = 65E84AA21D45B5060070ED53 /* DLBaseViewModel.m */; };
		65E84AA61D45B52E0070ED53 /* DLBaseListViewModel.m in Sources */ = {isa = PBXBuildFile; fileRef = 65E84AA51D45B52E0070ED53 /* DLBaseListViewModel.m */; };
		65E84AB51D4611990070ED53 /* DLTableRow.m in Sources */ = {isa = PBXBuildFile; fileRef = 65E84AB41D4611990070ED53 /* DLTableRow.m */; };
		65E84AB81D4611AE0070ED53 /* DLTableSection.m in Sources */ = {isa = PBXBuildFile; fileRef = 65E84AB71D4611AE0070ED53 /* DLTableSection.m */; };
		65F4EE9A1D7FE07D00B32324 /* ThirdViewController.m in Sources */ = {isa = PBXBuildFile; fileRef = 65F4EE981D7FE07D00B32324 /* ThirdViewController.m */; };
		65F4EE9B1D7FE07D00B32324 /* ThirdViewController.xib in Resources */ = {isa = PBXBuildFile; fileRef = 65F4EE991D7FE07D00B32324 /* ThirdViewController.xib */; };
		65F4EEA11D800B3A00B32324 /* DLBlurBackgroundView.m in Sources */ = {isa = PBXBuildFile; fileRef = 65F4EEA01D800B3A00B32324 /* DLBlurBackgroundView.m */; };
		65F4EEA41D80181D00B32324 /* UIViewController+Popup.m in Sources */ = {isa = PBXBuildFile; fileRef = 65F4EEA31D80181D00B32324 /* UIViewController+Popup.m */; };
		65F4EEA81D80204500B32324 /* FouthViewController.m in Sources */ = {isa = PBXBuildFile; fileRef = 65F4EEA61D80204500B32324 /* FouthViewController.m */; };
		65F4EEA91D80204500B32324 /* FouthViewController.xib in Resources */ = {isa = PBXBuildFile; fileRef = 65F4EEA71D80204500B32324 /* FouthViewController.xib */; };
		79AC9A2F0F2139DAAFD8211D /* libPods-DL_MVVM.a in Frameworks */ = {isa = PBXBuildFile; fileRef = B9F78121A1C6E73713A91B64 /* libPods-DL_MVVM.a */; };
/* End PBXBuildFile section */

/* Begin PBXFileReference section */
		651237541D61F73E000A97F5 /* NSString+DL_StringUtil.h */ = {isa = PBXFileReference; fileEncoding = 4; lastKnownFileType = sourcecode.c.h; path = "NSString+DL_StringUtil.h"; sourceTree = "<group>"; };
		651237551D61F73E000A97F5 /* NSString+DL_StringUtil.m */ = {isa = PBXFileReference; fileEncoding = 4; lastKnownFileType = sourcecode.c.objc; path = "NSString+DL_StringUtil.m"; sourceTree = "<group>"; };
		651237571D61F7F4000A97F5 /* CoreGraphics.framework */ = {isa = PBXFileReference; lastKnownFileType = wrapper.framework; name = CoreGraphics.framework; path = System/Library/Frameworks/CoreGraphics.framework; sourceTree = SDKROOT; };
		651237591D61F919000A97F5 /* SystemConfiguration.framework */ = {isa = PBXFileReference; lastKnownFileType = wrapper.framework; name = SystemConfiguration.framework; path = System/Library/Frameworks/SystemConfiguration.framework; sourceTree = SDKROOT; };
		6512375B1D61F930000A97F5 /* MobileCoreServices.framework */ = {isa = PBXFileReference; lastKnownFileType = wrapper.framework; name = MobileCoreServices.framework; path = System/Library/Frameworks/MobileCoreServices.framework; sourceTree = SDKROOT; };
		6512375D1D61F9B7000A97F5 /* CoreFoundation.framework */ = {isa = PBXFileReference; lastKnownFileType = wrapper.framework; name = CoreFoundation.framework; path = System/Library/Frameworks/CoreFoundation.framework; sourceTree = SDKROOT; };
		6512375F1D61FA77000A97F5 /* DLTagView.h */ = {isa = PBXFileReference; fileEncoding = 4; lastKnownFileType = sourcecode.c.h; path = DLTagView.h; sourceTree = "<group>"; };
		651237601D61FA77000A97F5 /* DLTagView.m */ = {isa = PBXFileReference; fileEncoding = 4; lastKnownFileType = sourcecode.c.objc; path = DLTagView.m; sourceTree = "<group>"; };
		651237621D6202BF000A97F5 /* SecondViewController.h */ = {isa = PBXFileReference; fileEncoding = 4; lastKnownFileType = sourcecode.c.h; name = SecondViewController.h; path = ../SecondViewController.h; sourceTree = "<group>"; };
		651237631D6202BF000A97F5 /* SecondViewController.m */ = {isa = PBXFileReference; fileEncoding = 4; lastKnownFileType = sourcecode.c.objc; name = SecondViewController.m; path = ../SecondViewController.m; sourceTree = "<group>"; };
		651237641D6202BF000A97F5 /* SecondViewController.xib */ = {isa = PBXFileReference; fileEncoding = 4; lastKnownFileType = file.xib; name = SecondViewController.xib; path = ../SecondViewController.xib; sourceTree = "<group>"; };
		651237671D62149F000A97F5 /* UIView+HXUtility.h */ = {isa = PBXFileReference; fileEncoding = 4; lastKnownFileType = sourcecode.c.h; path = "UIView+HXUtility.h"; sourceTree = "<group>"; };
		651237681D62149F000A97F5 /* UIView+HXUtility.m */ = {isa = PBXFileReference; fileEncoding = 4; lastKnownFileType = sourcecode.c.objc; path = "UIView+HXUtility.m"; sourceTree = "<group>"; };
		651847841D62A1880035994F /* DLAlertHelper.h */ = {isa = PBXFileReference; fileEncoding = 4; lastKnownFileType = sourcecode.c.h; path = DLAlertHelper.h; sourceTree = "<group>"; };
		651847851D62A1880035994F /* DLAlertHelper.m */ = {isa = PBXFileReference; fileEncoding = 4; lastKnownFileType = sourcecode.c.objc; path = DLAlertHelper.m; sourceTree = "<group>"; };
		653B84371D45AFE700890D00 /* DL_MVVM.app */ = {isa = PBXFileReference; explicitFileType = wrapper.application; includeInIndex = 0; path = DL_MVVM.app; sourceTree = BUILT_PRODUCTS_DIR; };
		653B843B1D45AFE700890D00 /* main.m */ = {isa = PBXFileReference; lastKnownFileType = sourcecode.c.objc; path = main.m; sourceTree = "<group>"; };
		653B843D1D45AFE700890D00 /* AppDelegate.h */ = {isa = PBXFileReference; lastKnownFileType = sourcecode.c.h; path = AppDelegate.h; sourceTree = "<group>"; };
		653B843E1D45AFE700890D00 /* AppDelegate.m */ = {isa = PBXFileReference; lastKnownFileType = sourcecode.c.objc; path = AppDelegate.m; sourceTree = "<group>"; };
		653B84441D45AFE700890D00 /* Base */ = {isa = PBXFileReference; lastKnownFileType = file.storyboard; name = Base; path = Base.lproj/Main.storyboard; sourceTree = "<group>"; };
		653B84461D45AFE700890D00 /* Assets.xcassets */ = {isa = PBXFileReference; lastKnownFileType = folder.assetcatalog; path = Assets.xcassets; sourceTree = "<group>"; };
		653B84491D45AFE700890D00 /* Base */ = {isa = PBXFileReference; lastKnownFileType = file.storyboard; name = Base; path = Base.lproj/LaunchScreen.storyboard; sourceTree = "<group>"; };
		653B844B1D45AFE700890D00 /* Info.plist */ = {isa = PBXFileReference; lastKnownFileType = text.plist.xml; path = Info.plist; sourceTree = "<group>"; };
		653FD2641D51976B004DD831 /* DLCollectionItem.h */ = {isa = PBXFileReference; fileEncoding = 4; lastKnownFileType = sourcecode.c.h; path = DLCollectionItem.h; sourceTree = "<group>"; };
		653FD2651D51976B004DD831 /* DLCollectionItem.m */ = {isa = PBXFileReference; fileEncoding = 4; lastKnownFileType = sourcecode.c.objc; path = DLCollectionItem.m; sourceTree = "<group>"; };
		653FD2671D519793004DD831 /* DLCollectionItemProtocol.h */ = {isa = PBXFileReference; lastKnownFileType = sourcecode.c.h; path = DLCollectionItemProtocol.h; sourceTree = "<group>"; };
		653FD2681D519988004DD831 /* DLCollectionSectionProtocol.h */ = {isa = PBXFileReference; lastKnownFileType = sourcecode.c.h; path = DLCollectionSectionProtocol.h; sourceTree = "<group>"; };
		653FD2691D519A3A004DD831 /* DLCollectionSection.h */ = {isa = PBXFileReference; fileEncoding = 4; lastKnownFileType = sourcecode.c.h; path = DLCollectionSection.h; sourceTree = "<group>"; };
		653FD26A1D519A3A004DD831 /* DLCollectionSection.m */ = {isa = PBXFileReference; fileEncoding = 4; lastKnownFileType = sourcecode.c.objc; path = DLCollectionSection.m; sourceTree = "<group>"; };
		655CA5E11D6C3A6A0085EC36 /* DLAutoScrollLabel.h */ = {isa = PBXFileReference; fileEncoding = 4; lastKnownFileType = sourcecode.c.h; path = DLAutoScrollLabel.h; sourceTree = "<group>"; };
		655CA5E21D6C3A6A0085EC36 /* DLAutoScrollLabel.m */ = {isa = PBXFileReference; fileEncoding = 4; lastKnownFileType = sourcecode.c.objc; path = DLAutoScrollLabel.m; sourceTree = "<group>"; };
		655DE1D81D4AFF3500E70915 /* DL_ThreadSafeMutableArray.h */ = {isa = PBXFileReference; fileEncoding = 4; lastKnownFileType = sourcecode.c.h; path = DL_ThreadSafeMutableArray.h; sourceTree = "<group>"; };
		655DE1D91D4AFF3500E70915 /* DL_ThreadSafeMutableArray.m */ = {isa = PBXFileReference; fileEncoding = 4; lastKnownFileType = sourcecode.c.objc; path = DL_ThreadSafeMutableArray.m; sourceTree = "<group>"; };
		6571F03D1DC6EBA200F7BD32 /* FifthViewController.h */ = {isa = PBXFileReference; fileEncoding = 4; lastKnownFileType = sourcecode.c.h; path = FifthViewController.h; sourceTree = "<group>"; };
		6571F03E1DC6EBA200F7BD32 /* FifthViewController.m */ = {isa = PBXFileReference; fileEncoding = 4; lastKnownFileType = sourcecode.c.objc; path = FifthViewController.m; sourceTree = "<group>"; };
		6571F03F1DC6EBA200F7BD32 /* FifthViewController.xib */ = {isa = PBXFileReference; fileEncoding = 4; lastKnownFileType = file.xib; path = FifthViewController.xib; sourceTree = "<group>"; };
		6571F0401DC6EBA200F7BD32 /* ForthViewController.h */ = {isa = PBXFileReference; fileEncoding = 4; lastKnownFileType = sourcecode.c.h; path = ForthViewController.h; sourceTree = "<group>"; };
		6571F0411DC6EBA200F7BD32 /* ForthViewController.m */ = {isa = PBXFileReference; fileEncoding = 4; lastKnownFileType = sourcecode.c.objc; path = ForthViewController.m; sourceTree = "<group>"; };
		6571F0421DC6EBA200F7BD32 /* ForthViewController.xib */ = {isa = PBXFileReference; fileEncoding = 4; lastKnownFileType = file.xib; path = ForthViewController.xib; sourceTree = "<group>"; };
		6571F0431DC6EBA200F7BD32 /* HXTabItem.h */ = {isa = PBXFileReference; fileEncoding = 4; lastKnownFileType = sourcecode.c.h; path = HXTabItem.h; sourceTree = "<group>"; };
		6571F0441DC6EBA200F7BD32 /* HXTabItem.m */ = {isa = PBXFileReference; fileEncoding = 4; lastKnownFileType = sourcecode.c.objc; path = HXTabItem.m; sourceTree = "<group>"; };
		6571F0451DC6EBA200F7BD32 /* HXTabView.h */ = {isa = PBXFileReference; fileEncoding = 4; lastKnownFileType = sourcecode.c.h; path = HXTabView.h; sourceTree = "<group>"; };
		6571F0461DC6EBA200F7BD32 /* HXTabView.m */ = {isa = PBXFileReference; fileEncoding = 4; lastKnownFileType = sourcecode.c.objc; path = HXTabView.m; sourceTree = "<group>"; };
		6571F0471DC6EBA200F7BD32 /* SixthViewController.h */ = {isa = PBXFileReference; fileEncoding = 4; lastKnownFileType = sourcecode.c.h; path = SixthViewController.h; sourceTree = "<group>"; };
		6571F0481DC6EBA200F7BD32 /* SixthViewController.m */ = {isa = PBXFileReference; fileEncoding = 4; lastKnownFileType = sourcecode.c.objc; path = SixthViewController.m; sourceTree = "<group>"; };
		6571F0491DC6EBA200F7BD32 /* SixthViewController.xib */ = {isa = PBXFileReference; fileEncoding = 4; lastKnownFileType = file.xib; path = SixthViewController.xib; sourceTree = "<group>"; };
		6571F04A1DC6EBA200F7BD32 /* UIPageContainerViewController.h */ = {isa = PBXFileReference; fileEncoding = 4; lastKnownFileType = sourcecode.c.h; path = UIPageContainerViewController.h; sourceTree = "<group>"; };
		6571F04B1DC6EBA200F7BD32 /* UIPageContainerViewController.m */ = {isa = PBXFileReference; fileEncoding = 4; lastKnownFileType = sourcecode.c.objc; path = UIPageContainerViewController.m; sourceTree = "<group>"; };
		6571F04C1DC6EBA200F7BD32 /* UIPageContainerViewController.xib */ = {isa = PBXFileReference; fileEncoding = 4; lastKnownFileType = file.xib; path = UIPageContainerViewController.xib; sourceTree = "<group>"; };
		6571F0571DC6EBB400F7BD32 /* DL_SegmentedControl.h */ = {isa = PBXFileReference; fileEncoding = 4; lastKnownFileType = sourcecode.c.h; path = DL_SegmentedControl.h; sourceTree = "<group>"; };
		6571F0581DC6EBB400F7BD32 /* DL_SegmentedControl.m */ = {isa = PBXFileReference; fileEncoding = 4; lastKnownFileType = sourcecode.c.objc; path = DL_SegmentedControl.m; sourceTree = "<group>"; };
		6571F0591DC6EBB400F7BD32 /* DLRainbowLayer.h */ = {isa = PBXFileReference; fileEncoding = 4; lastKnownFileType = sourcecode.c.h; path = DLRainbowLayer.h; sourceTree = "<group>"; };
		6571F05A1DC6EBB400F7BD32 /* DLRainbowLayer.m */ = {isa = PBXFileReference; fileEncoding = 4; lastKnownFileType = sourcecode.c.objc; path = DLRainbowLayer.m; sourceTree = "<group>"; };
		6571F05B1DC6EBB400F7BD32 /* DLRainbowSegmentControl.h */ = {isa = PBXFileReference; fileEncoding = 4; lastKnownFileType = sourcecode.c.h; path = DLRainbowSegmentControl.h; sourceTree = "<group>"; };
		6571F05C1DC6EBB400F7BD32 /* DLRainbowSegmentControl.m */ = {isa = PBXFileReference; fileEncoding = 4; lastKnownFileType = sourcecode.c.objc; path = DLRainbowSegmentControl.m; sourceTree = "<group>"; };
		6571F05D1DC6EBB400F7BD32 /* DLRainbowView.h */ = {isa = PBXFileReference; fileEncoding = 4; lastKnownFileType = sourcecode.c.h; path = DLRainbowView.h; sourceTree = "<group>"; };
		6571F05E1DC6EBB400F7BD32 /* DLRainbowView.m */ = {isa = PBXFileReference; fileEncoding = 4; lastKnownFileType = sourcecode.c.objc; path = DLRainbowView.m; sourceTree = "<group>"; };
		657E22F21D533731003F0A40 /* BaseDataModel.h */ = {isa = PBXFileReference; fileEncoding = 4; lastKnownFileType = sourcecode.c.h; path = BaseDataModel.h; sourceTree = "<group>"; };
		657E22F31D533731003F0A40 /* BaseDataModel.m */ = {isa = PBXFileReference; fileEncoding = 4; lastKnownFileType = sourcecode.c.objc; path = BaseDataModel.m; sourceTree = "<group>"; };
		657E22F41D533731003F0A40 /* DataInModulsDataModel.h */ = {isa = PBXFileReference; fileEncoding = 4; lastKnownFileType = sourcecode.c.h; path = DataInModulsDataModel.h; sourceTree = "<group>"; };
		657E22F51D533731003F0A40 /* DataInModulsDataModel.m */ = {isa = PBXFileReference; fileEncoding = 4; lastKnownFileType = sourcecode.c.objc; path = DataInModulsDataModel.m; sourceTree = "<group>"; };
		657E22F61D533731003F0A40 /* ModulesDataModel.h */ = {isa = PBXFileReference; fileEncoding = 4; lastKnownFileType = sourcecode.c.h; path = ModulesDataModel.h; sourceTree = "<group>"; };
		657E22F71D533731003F0A40 /* ModulesDataModel.m */ = {isa = PBXFileReference; fileEncoding = 4; lastKnownFileType = sourcecode.c.objc; path = ModulesDataModel.m; sourceTree = "<group>"; };
		657E22F81D533731003F0A40 /* ProductDataModel.h */ = {isa = PBXFileReference; fileEncoding = 4; lastKnownFileType = sourcecode.c.h; path = ProductDataModel.h; sourceTree = "<group>"; };
		657E22F91D533731003F0A40 /* ProductDataModel.m */ = {isa = PBXFileReference; fileEncoding = 4; lastKnownFileType = sourcecode.c.objc; path = ProductDataModel.m; sourceTree = "<group>"; };
		657E22FB1D533731003F0A40 /* MainTableViewCell.h */ = {isa = PBXFileReference; fileEncoding = 4; lastKnownFileType = sourcecode.c.h; path = MainTableViewCell.h; sourceTree = "<group>"; };
		657E22FC1D533731003F0A40 /* MainTableViewCell.m */ = {isa = PBXFileReference; fileEncoding = 4; lastKnownFileType = sourcecode.c.objc; path = MainTableViewCell.m; sourceTree = "<group>"; };
		657E22FD1D533731003F0A40 /* MainTableViewCell.xib */ = {isa = PBXFileReference; fileEncoding = 4; lastKnownFileType = file.xib; path = MainTableViewCell.xib; sourceTree = "<group>"; };
		657E22FE1D533731003F0A40 /* ViewController.h */ = {isa = PBXFileReference; fileEncoding = 4; lastKnownFileType = sourcecode.c.h; path = ViewController.h; sourceTree = "<group>"; };
		657E22FF1D533731003F0A40 /* ViewController.m */ = {isa = PBXFileReference; fileEncoding = 4; lastKnownFileType = sourcecode.c.objc; path = ViewController.m; sourceTree = "<group>"; };
		657E23011D533731003F0A40 /* HomepageRowViewModel.h */ = {isa = PBXFileReference; fileEncoding = 4; lastKnownFileType = sourcecode.c.h; path = HomepageRowViewModel.h; sourceTree = "<group>"; };
		657E23021D533731003F0A40 /* HomepageRowViewModel.m */ = {isa = PBXFileReference; fileEncoding = 4; lastKnownFileType = sourcecode.c.objc; path = HomepageRowViewModel.m; sourceTree = "<group>"; };
		657E23031D533731003F0A40 /* HomePageViewModel.h */ = {isa = PBXFileReference; fileEncoding = 4; lastKnownFileType = sourcecode.c.h; path = HomePageViewModel.h; sourceTree = "<group>"; };
		657E23041D533731003F0A40 /* HomePageViewModel.m */ = {isa = PBXFileReference; fileEncoding = 4; lastKnownFileType = sourcecode.c.objc; path = HomePageViewModel.m; sourceTree = "<group>"; };
		657E230F1D533874003F0A40 /* ListDataModel.h */ = {isa = PBXFileReference; fileEncoding = 4; lastKnownFileType = sourcecode.c.h; path = ListDataModel.h; sourceTree = "<group>"; };
		657E23101D533874003F0A40 /* ListDataModel.m */ = {isa = PBXFileReference; fileEncoding = 4; lastKnownFileType = sourcecode.c.objc; path = ListDataModel.m; sourceTree = "<group>"; };
		657E23121D53396C003F0A40 /* HomePageSectionViewModel.h */ = {isa = PBXFileReference; fileEncoding = 4; lastKnownFileType = sourcecode.c.h; path = HomePageSectionViewModel.h; sourceTree = "<group>"; };
		657E23131D53396C003F0A40 /* HomePageSectionViewModel.m */ = {isa = PBXFileReference; fileEncoding = 4; lastKnownFileType = sourcecode.c.objc; path = HomePageSectionViewModel.m; sourceTree = "<group>"; };
		657E23171D533B55003F0A40 /* demo.js */ = {isa = PBXFileReference; fileEncoding = 4; lastKnownFileType = sourcecode.javascript; path = demo.js; sourceTree = "<group>"; };
		65A0C26D1D770E5000819AC9 /* NSArray+Safe.h */ = {isa = PBXFileReference; fileEncoding = 4; lastKnownFileType = sourcecode.c.h; path = "NSArray+Safe.h"; sourceTree = "<group>"; };
		65A0C26E1D770E5000819AC9 /* NSArray+Safe.m */ = {isa = PBXFileReference; fileEncoding = 4; lastKnownFileType = sourcecode.c.objc; path = "NSArray+Safe.m"; sourceTree = "<group>"; };
		65A0C2701D770E6600819AC9 /* NSDictionary+Safe.h */ = {isa = PBXFileReference; fileEncoding = 4; lastKnownFileType = sourcecode.c.h; path = "NSDictionary+Safe.h"; sourceTree = "<group>"; };
		65A0C2711D770E6600819AC9 /* NSDictionary+Safe.m */ = {isa = PBXFileReference; fileEncoding = 4; lastKnownFileType = sourcecode.c.objc; path = "NSDictionary+Safe.m"; sourceTree = "<group>"; };
		65C391631D4B23B700052E97 /* DL_ThreadSafeMutableDictionary.h */ = {isa = PBXFileReference; fileEncoding = 4; lastKnownFileType = sourcecode.c.h; path = DL_ThreadSafeMutableDictionary.h; sourceTree = "<group>"; };
		65C391641D4B23B700052E97 /* DL_ThreadSafeMutableDictionary.m */ = {isa = PBXFileReference; fileEncoding = 4; lastKnownFileType = sourcecode.c.objc; path = DL_ThreadSafeMutableDictionary.m; sourceTree = "<group>"; };
		65C3916C1D4B484700052E97 /* BKBackgroundTimer.m */ = {isa = PBXFileReference; fileEncoding = 4; lastKnownFileType = sourcecode.c.objc; path = BKBackgroundTimer.m; sourceTree = "<group>"; };
		65C3916D1D4B484700052E97 /* BKBackgroundTimer.h */ = {isa = PBXFileReference; fileEncoding = 4; lastKnownFileType = sourcecode.c.h; path = BKBackgroundTimer.h; sourceTree = "<group>"; };
		65E84A9E1D45B4A80070ED53 /* DLBaseModel.h */ = {isa = PBXFileReference; fileEncoding = 4; lastKnownFileType = sourcecode.c.h; path = DLBaseModel.h; sourceTree = "<group>"; };
		65E84A9F1D45B4A80070ED53 /* DLBaseModel.m */ = {isa = PBXFileReference; fileEncoding = 4; lastKnownFileType = sourcecode.c.objc; path = DLBaseModel.m; sourceTree = "<group>"; };
		65E84AA11D45B5060070ED53 /* DLBaseViewModel.h */ = {isa = PBXFileReference; fileEncoding = 4; lastKnownFileType = sourcecode.c.h; path = DLBaseViewModel.h; sourceTree = "<group>"; };
		65E84AA21D45B5060070ED53 /* DLBaseViewModel.m */ = {isa = PBXFileReference; fileEncoding = 4; lastKnownFileType = sourcecode.c.objc; path = DLBaseViewModel.m; sourceTree = "<group>"; };
		65E84AA41D45B52E0070ED53 /* DLBaseListViewModel.h */ = {isa = PBXFileReference; fileEncoding = 4; lastKnownFileType = sourcecode.c.h; path = DLBaseListViewModel.h; sourceTree = "<group>"; };
		65E84AA51D45B52E0070ED53 /* DLBaseListViewModel.m */ = {isa = PBXFileReference; fileEncoding = 4; lastKnownFileType = sourcecode.c.objc; path = DLBaseListViewModel.m; sourceTree = "<group>"; };
		65E84AB31D4611990070ED53 /* DLTableRow.h */ = {isa = PBXFileReference; fileEncoding = 4; lastKnownFileType = sourcecode.c.h; path = DLTableRow.h; sourceTree = "<group>"; };
		65E84AB41D4611990070ED53 /* DLTableRow.m */ = {isa = PBXFileReference; fileEncoding = 4; lastKnownFileType = sourcecode.c.objc; path = DLTableRow.m; sourceTree = "<group>"; };
		65E84AB61D4611AE0070ED53 /* DLTableSection.h */ = {isa = PBXFileReference; fileEncoding = 4; lastKnownFileType = sourcecode.c.h; path = DLTableSection.h; sourceTree = "<group>"; };
		65E84AB71D4611AE0070ED53 /* DLTableSection.m */ = {isa = PBXFileReference; fileEncoding = 4; lastKnownFileType = sourcecode.c.objc; path = DLTableSection.m; sourceTree = "<group>"; };
		65E84AB91D4611C90070ED53 /* DLTableRowProtocol.h */ = {isa = PBXFileReference; lastKnownFileType = sourcecode.c.h; path = DLTableRowProtocol.h; sourceTree = "<group>"; };
		65E84ABA1D4611DD0070ED53 /* DLTableSectionProtocol.h */ = {isa = PBXFileReference; lastKnownFileType = sourcecode.c.h; path = DLTableSectionProtocol.h; sourceTree = "<group>"; };
		65F4EE971D7FE07D00B32324 /* ThirdViewController.h */ = {isa = PBXFileReference; fileEncoding = 4; lastKnownFileType = sourcecode.c.h; path = ThirdViewController.h; sourceTree = "<group>"; };
		65F4EE981D7FE07D00B32324 /* ThirdViewController.m */ = {isa = PBXFileReference; fileEncoding = 4; lastKnownFileType = sourcecode.c.objc; path = ThirdViewController.m; sourceTree = "<group>"; };
		65F4EE991D7FE07D00B32324 /* ThirdViewController.xib */ = {isa = PBXFileReference; fileEncoding = 4; lastKnownFileType = file.xib; path = ThirdViewController.xib; sourceTree = "<group>"; };
		65F4EE9F1D800B3A00B32324 /* DLBlurBackgroundView.h */ = {isa = PBXFileReference; fileEncoding = 4; lastKnownFileType = sourcecode.c.h; path = DLBlurBackgroundView.h; sourceTree = "<group>"; };
		65F4EEA01D800B3A00B32324 /* DLBlurBackgroundView.m */ = {isa = PBXFileReference; fileEncoding = 4; lastKnownFileType = sourcecode.c.objc; path = DLBlurBackgroundView.m; sourceTree = "<group>"; };
		65F4EEA21D80181D00B32324 /* UIViewController+Popup.h */ = {isa = PBXFileReference; fileEncoding = 4; lastKnownFileType = sourcecode.c.h; path = "UIViewController+Popup.h"; sourceTree = "<group>"; };
		65F4EEA31D80181D00B32324 /* UIViewController+Popup.m */ = {isa = PBXFileReference; fileEncoding = 4; lastKnownFileType = sourcecode.c.objc; path = "UIViewController+Popup.m"; sourceTree = "<group>"; };
		65F4EEA51D80204500B32324 /* FouthViewController.h */ = {isa = PBXFileReference; fileEncoding = 4; lastKnownFileType = sourcecode.c.h; path = FouthViewController.h; sourceTree = "<group>"; };
		65F4EEA61D80204500B32324 /* FouthViewController.m */ = {isa = PBXFileReference; fileEncoding = 4; lastKnownFileType = sourcecode.c.objc; path = FouthViewController.m; sourceTree = "<group>"; };
		65F4EEA71D80204500B32324 /* FouthViewController.xib */ = {isa = PBXFileReference; fileEncoding = 4; lastKnownFileType = file.xib; path = FouthViewController.xib; sourceTree = "<group>"; };
		65F9087E1D93DC0E00D9D335 /* DLAPIRequestProtocol.h */ = {isa = PBXFileReference; lastKnownFileType = sourcecode.c.h; path = DLAPIRequestProtocol.h; sourceTree = "<group>"; };
		7DF8FC236F546E2DC105D2B1 /* Pods-DL_MVVM.debug.xcconfig */ = {isa = PBXFileReference; includeInIndex = 1; lastKnownFileType = text.xcconfig; name = "Pods-DL_MVVM.debug.xcconfig"; path = "Pods/Target Support Files/Pods-DL_MVVM/Pods-DL_MVVM.debug.xcconfig"; sourceTree = "<group>"; };
		B9F78121A1C6E73713A91B64 /* libPods-DL_MVVM.a */ = {isa = PBXFileReference; explicitFileType = archive.ar; includeInIndex = 0; path = "libPods-DL_MVVM.a"; sourceTree = BUILT_PRODUCTS_DIR; };
		EAE0D2BAEE08D3788471E1BB /* Pods-DL_MVVM.release.xcconfig */ = {isa = PBXFileReference; includeInIndex = 1; lastKnownFileType = text.xcconfig; name = "Pods-DL_MVVM.release.xcconfig"; path = "Pods/Target Support Files/Pods-DL_MVVM/Pods-DL_MVVM.release.xcconfig"; sourceTree = "<group>"; };
/* End PBXFileReference section */

/* Begin PBXFrameworksBuildPhase section */
		653B84341D45AFE700890D00 /* Frameworks */ = {
			isa = PBXFrameworksBuildPhase;
			buildActionMask = 2147483647;
			files = (
				6512375A1D61F919000A97F5 /* SystemConfiguration.framework in Frameworks */,
				6512375E1D61F9B7000A97F5 /* CoreFoundation.framework in Frameworks */,
				6512375C1D61F930000A97F5 /* MobileCoreServices.framework in Frameworks */,
				651237581D61F7F4000A97F5 /* CoreGraphics.framework in Frameworks */,
				79AC9A2F0F2139DAAFD8211D /* libPods-DL_MVVM.a in Frameworks */,
			);
			runOnlyForDeploymentPostprocessing = 0;
		};
/* End PBXFrameworksBuildPhase section */

/* Begin PBXGroup section */
		0EDCAA91503D8E48BB9DC5A3 /* Pods */ = {
			isa = PBXGroup;
			children = (
				7DF8FC236F546E2DC105D2B1 /* Pods-DL_MVVM.debug.xcconfig */,
				EAE0D2BAEE08D3788471E1BB /* Pods-DL_MVVM.release.xcconfig */,
			);
			name = Pods;
			sourceTree = "<group>";
		};
		653B842E1D45AFE700890D00 = {
			isa = PBXGroup;
			children = (
				653B84391D45AFE700890D00 /* DL_MVVM */,
				653B84381D45AFE700890D00 /* Products */,
				0EDCAA91503D8E48BB9DC5A3 /* Pods */,
				D955148E35E81BFEFC2236B9 /* Frameworks */,
			);
			sourceTree = "<group>";
		};
		653B84381D45AFE700890D00 /* Products */ = {
			isa = PBXGroup;
			children = (
				653B84371D45AFE700890D00 /* DL_MVVM.app */,
			);
			name = Products;
			sourceTree = "<group>";
		};
		653B84391D45AFE700890D00 /* DL_MVVM */ = {
			isa = PBXGroup;
			children = (
				657E23171D533B55003F0A40 /* demo.js */,
				65F9087D1D93DBA300D9D335 /* Network */,
				657E22F01D533731003F0A40 /* Demo */,
				65E84A9A1D45B3E80070ED53 /* Src */,
				653B843D1D45AFE700890D00 /* AppDelegate.h */,
				653B843E1D45AFE700890D00 /* AppDelegate.m */,
				653B84431D45AFE700890D00 /* Main.storyboard */,
				653B84461D45AFE700890D00 /* Assets.xcassets */,
				653B84481D45AFE700890D00 /* LaunchScreen.storyboard */,
				653B844B1D45AFE700890D00 /* Info.plist */,
				653B843A1D45AFE700890D00 /* Supporting Files */,
			);
			path = DL_MVVM;
			sourceTree = "<group>";
		};
		653B843A1D45AFE700890D00 /* Supporting Files */ = {
			isa = PBXGroup;
			children = (
				653B843B1D45AFE700890D00 /* main.m */,
			);
			name = "Supporting Files";
			sourceTree = "<group>";
		};
		653FD2631D51973C004DD831 /* Collection */ = {
			isa = PBXGroup;
			children = (
				653FD2641D51976B004DD831 /* DLCollectionItem.h */,
				653FD2651D51976B004DD831 /* DLCollectionItem.m */,
				653FD2671D519793004DD831 /* DLCollectionItemProtocol.h */,
				653FD2691D519A3A004DD831 /* DLCollectionSection.h */,
				653FD26A1D519A3A004DD831 /* DLCollectionSection.m */,
				653FD2681D519988004DD831 /* DLCollectionSectionProtocol.h */,
			);
			path = Collection;
			sourceTree = "<group>";
		};
		655DE1D71D4AFEEC00E70915 /* DLUtils */ = {
			isa = PBXGroup;
			children = (
				6571F0571DC6EBB400F7BD32 /* DL_SegmentedControl.h */,
				6571F0581DC6EBB400F7BD32 /* DL_SegmentedControl.m */,
				6571F0591DC6EBB400F7BD32 /* DLRainbowLayer.h */,
				6571F05A1DC6EBB400F7BD32 /* DLRainbowLayer.m */,
				6571F05B1DC6EBB400F7BD32 /* DLRainbowSegmentControl.h */,
				6571F05C1DC6EBB400F7BD32 /* DLRainbowSegmentControl.m */,
				6571F05D1DC6EBB400F7BD32 /* DLRainbowView.h */,
				6571F05E1DC6EBB400F7BD32 /* DLRainbowView.m */,
				651847841D62A1880035994F /* DLAlertHelper.h */,
				651847851D62A1880035994F /* DLAlertHelper.m */,
				651237671D62149F000A97F5 /* UIView+HXUtility.h */,
				651237681D62149F000A97F5 /* UIView+HXUtility.m */,
				65C3916D1D4B484700052E97 /* BKBackgroundTimer.h */,
				65C3916C1D4B484700052E97 /* BKBackgroundTimer.m */,
				655DE1D81D4AFF3500E70915 /* DL_ThreadSafeMutableArray.h */,
				655DE1D91D4AFF3500E70915 /* DL_ThreadSafeMutableArray.m */,
				65C391631D4B23B700052E97 /* DL_ThreadSafeMutableDictionary.h */,
				65C391641D4B23B700052E97 /* DL_ThreadSafeMutableDictionary.m */,
				651237541D61F73E000A97F5 /* NSString+DL_StringUtil.h */,
				651237551D61F73E000A97F5 /* NSString+DL_StringUtil.m */,
				6512375F1D61FA77000A97F5 /* DLTagView.h */,
				651237601D61FA77000A97F5 /* DLTagView.m */,
				655CA5E11D6C3A6A0085EC36 /* DLAutoScrollLabel.h */,
				655CA5E21D6C3A6A0085EC36 /* DLAutoScrollLabel.m */,
				65A0C26D1D770E5000819AC9 /* NSArray+Safe.h */,
				65A0C26E1D770E5000819AC9 /* NSArray+Safe.m */,
				65A0C2701D770E6600819AC9 /* NSDictionary+Safe.h */,
				65A0C2711D770E6600819AC9 /* NSDictionary+Safe.m */,
			);
			path = DLUtils;
			sourceTree = "<group>";
		};
		657E22F01D533731003F0A40 /* Demo */ = {
			isa = PBXGroup;
			children = (
				657E230E1D533793003F0A40 /* API */,
				657E22F11D533731003F0A40 /* Model */,
				657E22FA1D533731003F0A40 /* View */,
				657E23001D533731003F0A40 /* ViewModel */,
			);
			path = Demo;
			sourceTree = "<group>";
		};
		657E22F11D533731003F0A40 /* Model */ = {
			isa = PBXGroup;
			children = (
				657E22F21D533731003F0A40 /* BaseDataModel.h */,
				657E22F31D533731003F0A40 /* BaseDataModel.m */,
				657E22F41D533731003F0A40 /* DataInModulsDataModel.h */,
				657E22F51D533731003F0A40 /* DataInModulsDataModel.m */,
				657E22F61D533731003F0A40 /* ModulesDataModel.h */,
				657E22F71D533731003F0A40 /* ModulesDataModel.m */,
				657E22F81D533731003F0A40 /* ProductDataModel.h */,
				657E22F91D533731003F0A40 /* ProductDataModel.m */,
				657E230F1D533874003F0A40 /* ListDataModel.h */,
				657E23101D533874003F0A40 /* ListDataModel.m */,
			);
			path = Model;
			sourceTree = "<group>";
		};
		657E22FA1D533731003F0A40 /* View */ = {
			isa = PBXGroup;
			children = (
				6571F03D1DC6EBA200F7BD32 /* FifthViewController.h */,
				6571F03E1DC6EBA200F7BD32 /* FifthViewController.m */,
				6571F03F1DC6EBA200F7BD32 /* FifthViewController.xib */,
				6571F0401DC6EBA200F7BD32 /* ForthViewController.h */,
				6571F0411DC6EBA200F7BD32 /* ForthViewController.m */,
				6571F0421DC6EBA200F7BD32 /* ForthViewController.xib */,
				6571F0431DC6EBA200F7BD32 /* HXTabItem.h */,
				6571F0441DC6EBA200F7BD32 /* HXTabItem.m */,
				6571F0451DC6EBA200F7BD32 /* HXTabView.h */,
				6571F0461DC6EBA200F7BD32 /* HXTabView.m */,
				6571F0471DC6EBA200F7BD32 /* SixthViewController.h */,
				6571F0481DC6EBA200F7BD32 /* SixthViewController.m */,
				6571F0491DC6EBA200F7BD32 /* SixthViewController.xib */,
				6571F04A1DC6EBA200F7BD32 /* UIPageContainerViewController.h */,
				6571F04B1DC6EBA200F7BD32 /* UIPageContainerViewController.m */,
				6571F04C1DC6EBA200F7BD32 /* UIPageContainerViewController.xib */,
				657E22FB1D533731003F0A40 /* MainTableViewCell.h */,
				657E22FC1D533731003F0A40 /* MainTableViewCell.m */,
				657E22FD1D533731003F0A40 /* MainTableViewCell.xib */,
				657E22FE1D533731003F0A40 /* ViewController.h */,
				657E22FF1D533731003F0A40 /* ViewController.m */,
				651237621D6202BF000A97F5 /* SecondViewController.h */,
				651237631D6202BF000A97F5 /* SecondViewController.m */,
				651237641D6202BF000A97F5 /* SecondViewController.xib */,
				65F4EE971D7FE07D00B32324 /* ThirdViewController.h */,
				65F4EE981D7FE07D00B32324 /* ThirdViewController.m */,
				65F4EE991D7FE07D00B32324 /* ThirdViewController.xib */,
				65F4EE9F1D800B3A00B32324 /* DLBlurBackgroundView.h */,
				65F4EEA01D800B3A00B32324 /* DLBlurBackgroundView.m */,
				65F4EEA21D80181D00B32324 /* UIViewController+Popup.h */,
				65F4EEA31D80181D00B32324 /* UIViewController+Popup.m */,
				65F4EEA51D80204500B32324 /* FouthViewController.h */,
				65F4EEA61D80204500B32324 /* FouthViewController.m */,
				65F4EEA71D80204500B32324 /* FouthViewController.xib */,
			);
			path = View;
			sourceTree = "<group>";
		};
		657E23001D533731003F0A40 /* ViewModel */ = {
			isa = PBXGroup;
			children = (
				657E23011D533731003F0A40 /* HomepageRowViewModel.h */,
				657E23021D533731003F0A40 /* HomepageRowViewModel.m */,
				657E23031D533731003F0A40 /* HomePageViewModel.h */,
				657E23041D533731003F0A40 /* HomePageViewModel.m */,
				657E23121D53396C003F0A40 /* HomePageSectionViewModel.h */,
				657E23131D53396C003F0A40 /* HomePageSectionViewModel.m */,
			);
			path = ViewModel;
			sourceTree = "<group>";
		};
		657E230E1D533793003F0A40 /* API */ = {
			isa = PBXGroup;
			children = (
			);
			path = API;
			sourceTree = "<group>";
		};
		65E84A9A1D45B3E80070ED53 /* Src */ = {
			isa = PBXGroup;
			children = (
				653FD2631D51973C004DD831 /* Collection */,
				655DE1D71D4AFEEC00E70915 /* DLUtils */,
				65E84A9B1D45B4950070ED53 /* BaseModel */,
				65E84A9C1D45B4950070ED53 /* BaseViewModel */,
				65E84A9D1D45B4950070ED53 /* DLTableView */,
			);
			path = Src;
			sourceTree = "<group>";
		};
		65E84A9B1D45B4950070ED53 /* BaseModel */ = {
			isa = PBXGroup;
			children = (
				65E84A9E1D45B4A80070ED53 /* DLBaseModel.h */,
				65E84A9F1D45B4A80070ED53 /* DLBaseModel.m */,
			);
			path = BaseModel;
			sourceTree = "<group>";
		};
		65E84A9C1D45B4950070ED53 /* BaseViewModel */ = {
			isa = PBXGroup;
			children = (
				65E84AA11D45B5060070ED53 /* DLBaseViewModel.h */,
				65E84AA21D45B5060070ED53 /* DLBaseViewModel.m */,
				65E84AA41D45B52E0070ED53 /* DLBaseListViewModel.h */,
				65E84AA51D45B52E0070ED53 /* DLBaseListViewModel.m */,
			);
			path = BaseViewModel;
			sourceTree = "<group>";
		};
		65E84A9D1D45B4950070ED53 /* DLTableView */ = {
			isa = PBXGroup;
			children = (
				65E84AB31D4611990070ED53 /* DLTableRow.h */,
				65E84AB41D4611990070ED53 /* DLTableRow.m */,
				65E84AB91D4611C90070ED53 /* DLTableRowProtocol.h */,
				65E84AB61D4611AE0070ED53 /* DLTableSection.h */,
				65E84AB71D4611AE0070ED53 /* DLTableSection.m */,
				65E84ABA1D4611DD0070ED53 /* DLTableSectionProtocol.h */,
			);
			path = DLTableView;
			sourceTree = "<group>";
		};
		65F9087D1D93DBA300D9D335 /* Network */ = {
			isa = PBXGroup;
			children = (
				65F9087E1D93DC0E00D9D335 /* DLAPIRequestProtocol.h */,
			);
			path = Network;
			sourceTree = "<group>";
		};
		D955148E35E81BFEFC2236B9 /* Frameworks */ = {
			isa = PBXGroup;
			children = (
				6512375D1D61F9B7000A97F5 /* CoreFoundation.framework */,
				6512375B1D61F930000A97F5 /* MobileCoreServices.framework */,
				651237591D61F919000A97F5 /* SystemConfiguration.framework */,
				651237571D61F7F4000A97F5 /* CoreGraphics.framework */,
				B9F78121A1C6E73713A91B64 /* libPods-DL_MVVM.a */,
			);
			name = Frameworks;
			sourceTree = "<group>";
		};
/* End PBXGroup section */

/* Begin PBXNativeTarget section */
		653B84361D45AFE700890D00 /* DL_MVVM */ = {
			isa = PBXNativeTarget;
			buildConfigurationList = 653B844E1D45AFE700890D00 /* Build configuration list for PBXNativeTarget "DL_MVVM" */;
			buildPhases = (
				552C4D3BA2CD9760DF6BF7CC /* [CP] Check Pods Manifest.lock */,
				653B84331D45AFE700890D00 /* Sources */,
				653B84341D45AFE700890D00 /* Frameworks */,
				653B84351D45AFE700890D00 /* Resources */,
				A7863B6D081E929B5CD62558 /* [CP] Embed Pods Frameworks */,
				1D5CE94D4CF2FFBFE42251BA /* [CP] Copy Pods Resources */,
			);
			buildRules = (
			);
			dependencies = (
			);
			name = DL_MVVM;
			productName = DL_MVVM;
			productReference = 653B84371D45AFE700890D00 /* DL_MVVM.app */;
			productType = "com.apple.product-type.application";
		};
/* End PBXNativeTarget section */

/* Begin PBXProject section */
		653B842F1D45AFE700890D00 /* Project object */ = {
			isa = PBXProject;
			attributes = {
				LastUpgradeCheck = 0730;
				ORGANIZATIONNAME = Daniel.Li;
				TargetAttributes = {
					653B84361D45AFE700890D00 = {
						CreatedOnToolsVersion = 7.3.1;
					};
				};
			};
			buildConfigurationList = 653B84321D45AFE700890D00 /* Build configuration list for PBXProject "DL_MVVM" */;
			compatibilityVersion = "Xcode 3.2";
			developmentRegion = English;
			hasScannedForEncodings = 0;
			knownRegions = (
				en,
				Base,
			);
			mainGroup = 653B842E1D45AFE700890D00;
			productRefGroup = 653B84381D45AFE700890D00 /* Products */;
			projectDirPath = "";
			projectRoot = "";
			targets = (
				653B84361D45AFE700890D00 /* DL_MVVM */,
			);
		};
/* End PBXProject section */

/* Begin PBXResourcesBuildPhase section */
		653B84351D45AFE700890D00 /* Resources */ = {
			isa = PBXResourcesBuildPhase;
			buildActionMask = 2147483647;
			files = (
				65F4EE9B1D7FE07D00B32324 /* ThirdViewController.xib in Resources */,
				6571F0561DC6EBA200F7BD32 /* UIPageContainerViewController.xib in Resources */,
				6571F04E1DC6EBA200F7BD32 /* FifthViewController.xib in Resources */,
				657E23181D533B55003F0A40 /* demo.js in Resources */,
				653B844A1D45AFE700890D00 /* LaunchScreen.storyboard in Resources */,
				651237661D6202BF000A97F5 /* SecondViewController.xib in Resources */,
				653B84471D45AFE700890D00 /* Assets.xcassets in Resources */,
				65F4EEA91D80204500B32324 /* FouthViewController.xib in Resources */,
				653B84451D45AFE700890D00 /* Main.storyboard in Resources */,
				6571F0501DC6EBA200F7BD32 /* ForthViewController.xib in Resources */,
				657E230A1D533731003F0A40 /* MainTableViewCell.xib in Resources */,
				6571F0541DC6EBA200F7BD32 /* SixthViewController.xib in Resources */,
			);
			runOnlyForDeploymentPostprocessing = 0;
		};
/* End PBXResourcesBuildPhase section */

/* Begin PBXShellScriptBuildPhase section */
		1D5CE94D4CF2FFBFE42251BA /* [CP] Copy Pods Resources */ = {
			isa = PBXShellScriptBuildPhase;
			buildActionMask = 2147483647;
			files = (
			);
			inputPaths = (
			);
			name = "[CP] Copy Pods Resources";
			outputPaths = (
			);
			runOnlyForDeploymentPostprocessing = 0;
			shellPath = /bin/sh;
			shellScript = "\"${SRCROOT}/Pods/Target Support Files/Pods-DL_MVVM/Pods-DL_MVVM-resources.sh\"\n";
			showEnvVarsInLog = 0;
		};
		552C4D3BA2CD9760DF6BF7CC /* [CP] Check Pods Manifest.lock */ = {
			isa = PBXShellScriptBuildPhase;
			buildActionMask = 2147483647;
			files = (
			);
			inputPaths = (
			);
			name = "[CP] Check Pods Manifest.lock";
			outputPaths = (
			);
			runOnlyForDeploymentPostprocessing = 0;
			shellPath = /bin/sh;
			shellScript = "diff \"${PODS_ROOT}/../Podfile.lock\" \"${PODS_ROOT}/Manifest.lock\" > /dev/null\nif [[ $? != 0 ]] ; then\n    cat << EOM\nerror: The sandbox is not in sync with the Podfile.lock. Run 'pod install' or update your CocoaPods installation.\nEOM\n    exit 1\nfi\n";
			showEnvVarsInLog = 0;
		};
		A7863B6D081E929B5CD62558 /* [CP] Embed Pods Frameworks */ = {
			isa = PBXShellScriptBuildPhase;
			buildActionMask = 2147483647;
			files = (
			);
			inputPaths = (
			);
			name = "[CP] Embed Pods Frameworks";
			outputPaths = (
			);
			runOnlyForDeploymentPostprocessing = 0;
			shellPath = /bin/sh;
			shellScript = "\"${SRCROOT}/Pods/Target Support Files/Pods-DL_MVVM/Pods-DL_MVVM-frameworks.sh\"\n";
			showEnvVarsInLog = 0;
		};
/* End PBXShellScriptBuildPhase section */

/* Begin PBXSourcesBuildPhase section */
		653B84331D45AFE700890D00 /* Sources */ = {
			isa = PBXSourcesBuildPhase;
			buildActionMask = 2147483647;
			files = (
				651237651D6202BF000A97F5 /* SecondViewController.m in Sources */,
				657E230B1D533731003F0A40 /* ViewController.m in Sources */,
				6571F04F1DC6EBA200F7BD32 /* ForthViewController.m in Sources */,
				65E84AB81D4611AE0070ED53 /* DLTableSection.m in Sources */,
				65F4EEA81D80204500B32324 /* FouthViewController.m in Sources */,
				65E84AA01D45B4A80070ED53 /* DLBaseModel.m in Sources */,
				657E23071D533731003F0A40 /* ModulesDataModel.m in Sources */,
				6571F0621DC6EBB400F7BD32 /* DLRainbowView.m in Sources */,
				6571F0551DC6EBA200F7BD32 /* UIPageContainerViewController.m in Sources */,
				65E84AB51D4611990070ED53 /* DLTableRow.m in Sources */,
				6571F0521DC6EBA200F7BD32 /* HXTabView.m in Sources */,
				651237561D61F73E000A97F5 /* NSString+DL_StringUtil.m in Sources */,
				653FD26B1D519A3A004DD831 /* DLCollectionSection.m in Sources */,
				653B843F1D45AFE700890D00 /* AppDelegate.m in Sources */,
				65E84AA31D45B5060070ED53 /* DLBaseViewModel.m in Sources */,
				653B843C1D45AFE700890D00 /* main.m in Sources */,
				651237691D62149F000A97F5 /* UIView+HXUtility.m in Sources */,
				653FD2661D51976B004DD831 /* DLCollectionItem.m in Sources */,
				657E23081D533731003F0A40 /* ProductDataModel.m in Sources */,
				6571F0511DC6EBA200F7BD32 /* HXTabItem.m in Sources */,
				657E230C1D533731003F0A40 /* HomepageRowViewModel.m in Sources */,
				651237611D61FA77000A97F5 /* DLTagView.m in Sources */,
				657E23091D533731003F0A40 /* MainTableViewCell.m in Sources */,
				65F4EEA11D800B3A00B32324 /* DLBlurBackgroundView.m in Sources */,
				657E23111D533874003F0A40 /* ListDataModel.m in Sources */,
				655DE1DA1D4AFF3500E70915 /* DL_ThreadSafeMutableArray.m in Sources */,
				65C3916E1D4B484700052E97 /* BKBackgroundTimer.m in Sources */,
				6571F0611DC6EBB400F7BD32 /* DLRainbowSegmentControl.m in Sources */,
				6571F0601DC6EBB400F7BD32 /* DLRainbowLayer.m in Sources */,
				65F4EEA41D80181D00B32324 /* UIViewController+Popup.m in Sources */,
				651847861D62A1880035994F /* DLAlertHelper.m in Sources */,
				657E23051D533731003F0A40 /* BaseDataModel.m in Sources */,
				655CA5E31D6C3A6A0085EC36 /* DLAutoScrollLabel.m in Sources */,
				65F4EE9A1D7FE07D00B32324 /* ThirdViewController.m in Sources */,
				65A0C2721D770E6600819AC9 /* NSDictionary+Safe.m in Sources */,
				657E230D1D533731003F0A40 /* HomePageViewModel.m in Sources */,
				65A0C26F1D770E5000819AC9 /* NSArray+Safe.m in Sources */,
				6571F05F1DC6EBB400F7BD32 /* DL_SegmentedControl.m in Sources */,
				657E23141D53396C003F0A40 /* HomePageSectionViewModel.m in Sources */,
				65C391651D4B23B700052E97 /* DL_ThreadSafeMutableDictionary.m in Sources */,
				6571F0531DC6EBA200F7BD32 /* SixthViewController.m in Sources */,
				657E23061D533731003F0A40 /* DataInModulsDataModel.m in Sources */,
				6571F04D1DC6EBA200F7BD32 /* FifthViewController.m in Sources */,
				65E84AA61D45B52E0070ED53 /* DLBaseListViewModel.m in Sources */,
			);
			runOnlyForDeploymentPostprocessing = 0;
		};
/* End PBXSourcesBuildPhase section */

/* Begin PBXVariantGroup section */
		653B84431D45AFE700890D00 /* Main.storyboard */ = {
			isa = PBXVariantGroup;
			children = (
				653B84441D45AFE700890D00 /* Base */,
			);
			name = Main.storyboard;
			sourceTree = "<group>";
		};
		653B84481D45AFE700890D00 /* LaunchScreen.storyboard */ = {
			isa = PBXVariantGroup;
			children = (
				653B84491D45AFE700890D00 /* Base */,
			);
			name = LaunchScreen.storyboard;
			sourceTree = "<group>";
		};
/* End PBXVariantGroup section */

/* Begin XCBuildConfiguration section */
		653B844C1D45AFE700890D00 /* Debug */ = {
			isa = XCBuildConfiguration;
			buildSettings = {
				ALWAYS_SEARCH_USER_PATHS = NO;
				CLANG_ANALYZER_NONNULL = YES;
				CLANG_CXX_LANGUAGE_STANDARD = "gnu++0x";
				CLANG_CXX_LIBRARY = "libc++";
				CLANG_ENABLE_MODULES = YES;
				CLANG_ENABLE_OBJC_ARC = YES;
				CLANG_WARN_BOOL_CONVERSION = YES;
				CLANG_WARN_CONSTANT_CONVERSION = YES;
				CLANG_WARN_DIRECT_OBJC_ISA_USAGE = YES_ERROR;
				CLANG_WARN_EMPTY_BODY = YES;
				CLANG_WARN_ENUM_CONVERSION = YES;
				CLANG_WARN_INT_CONVERSION = YES;
				CLANG_WARN_OBJC_ROOT_CLASS = YES_ERROR;
				CLANG_WARN_UNREACHABLE_CODE = YES;
				CLANG_WARN__DUPLICATE_METHOD_MATCH = YES;
				"CODE_SIGN_IDENTITY[sdk=iphoneos*]" = "iPhone Developer";
				COPY_PHASE_STRIP = NO;
				DEBUG_INFORMATION_FORMAT = dwarf;
				ENABLE_STRICT_OBJC_MSGSEND = YES;
				ENABLE_TESTABILITY = YES;
				GCC_C_LANGUAGE_STANDARD = gnu99;
				GCC_DYNAMIC_NO_PIC = NO;
				GCC_NO_COMMON_BLOCKS = YES;
				GCC_OPTIMIZATION_LEVEL = 0;
				GCC_PREPROCESSOR_DEFINITIONS = (
					"DEBUG=1",
					"$(inherited)",
				);
				GCC_WARN_64_TO_32_BIT_CONVERSION = YES;
				GCC_WARN_ABOUT_RETURN_TYPE = YES_ERROR;
				GCC_WARN_UNDECLARED_SELECTOR = YES;
				GCC_WARN_UNINITIALIZED_AUTOS = YES_AGGRESSIVE;
				GCC_WARN_UNUSED_FUNCTION = YES;
				GCC_WARN_UNUSED_VARIABLE = YES;
				IPHONEOS_DEPLOYMENT_TARGET = 9.3;
				MTL_ENABLE_DEBUG_INFO = YES;
				ONLY_ACTIVE_ARCH = YES;
				SDKROOT = iphoneos;
				TARGETED_DEVICE_FAMILY = "1,2";
			};
			name = Debug;
		};
		653B844D1D45AFE700890D00 /* Release */ = {
			isa = XCBuildConfiguration;
			buildSettings = {
				ALWAYS_SEARCH_USER_PATHS = NO;
				CLANG_ANALYZER_NONNULL = YES;
				CLANG_CXX_LANGUAGE_STANDARD = "gnu++0x";
				CLANG_CXX_LIBRARY = "libc++";
				CLANG_ENABLE_MODULES = YES;
				CLANG_ENABLE_OBJC_ARC = YES;
				CLANG_WARN_BOOL_CONVERSION = YES;
				CLANG_WARN_CONSTANT_CONVERSION = YES;
				CLANG_WARN_DIRECT_OBJC_ISA_USAGE = YES_ERROR;
				CLANG_WARN_EMPTY_BODY = YES;
				CLANG_WARN_ENUM_CONVERSION = YES;
				CLANG_WARN_INT_CONVERSION = YES;
				CLANG_WARN_OBJC_ROOT_CLASS = YES_ERROR;
				CLANG_WARN_UNREACHABLE_CODE = YES;
				CLANG_WARN__DUPLICATE_METHOD_MATCH = YES;
				"CODE_SIGN_IDENTITY[sdk=iphoneos*]" = "iPhone Developer";
				COPY_PHASE_STRIP = NO;
				DEBUG_INFORMATION_FORMAT = "dwarf-with-dsym";
				ENABLE_NS_ASSERTIONS = NO;
				ENABLE_STRICT_OBJC_MSGSEND = YES;
				GCC_C_LANGUAGE_STANDARD = gnu99;
				GCC_NO_COMMON_BLOCKS = YES;
				GCC_WARN_64_TO_32_BIT_CONVERSION = YES;
				GCC_WARN_ABOUT_RETURN_TYPE = YES_ERROR;
				GCC_WARN_UNDECLARED_SELECTOR = YES;
				GCC_WARN_UNINITIALIZED_AUTOS = YES_AGGRESSIVE;
				GCC_WARN_UNUSED_FUNCTION = YES;
				GCC_WARN_UNUSED_VARIABLE = YES;
				IPHONEOS_DEPLOYMENT_TARGET = 9.3;
				MTL_ENABLE_DEBUG_INFO = NO;
				SDKROOT = iphoneos;
				TARGETED_DEVICE_FAMILY = "1,2";
				VALIDATE_PRODUCT = YES;
			};
			name = Release;
		};
		653B844F1D45AFE700890D00 /* Debug */ = {
			isa = XCBuildConfiguration;
			baseConfigurationReference = 7DF8FC236F546E2DC105D2B1 /* Pods-DL_MVVM.debug.xcconfig */;
			buildSettings = {
				ASSETCATALOG_COMPILER_APPICON_NAME = AppIcon;
				INFOPLIST_FILE = DL_MVVM/Info.plist;
				IPHONEOS_DEPLOYMENT_TARGET = 7.0;
				LD_RUNPATH_SEARCH_PATHS = "$(inherited) @executable_path/Frameworks";
				PRODUCT_BUNDLE_IDENTIFIER = "Daniel.DL-MVVM";
				PRODUCT_NAME = "$(TARGET_NAME)";
			};
			name = Debug;
		};
		653B84501D45AFE700890D00 /* Release */ = {
			isa = XCBuildConfiguration;
			baseConfigurationReference = EAE0D2BAEE08D3788471E1BB /* Pods-DL_MVVM.release.xcconfig */;
			buildSettings = {
				ASSETCATALOG_COMPILER_APPICON_NAME = AppIcon;
				INFOPLIST_FILE = DL_MVVM/Info.plist;
				IPHONEOS_DEPLOYMENT_TARGET = 7.0;
				LD_RUNPATH_SEARCH_PATHS = "$(inherited) @executable_path/Frameworks";
				PRODUCT_BUNDLE_IDENTIFIER = "Daniel.DL-MVVM";
				PRODUCT_NAME = "$(TARGET_NAME)";
			};
			name = Release;
		};
/* End XCBuildConfiguration section */

/* Begin XCConfigurationList section */
		653B84321D45AFE700890D00 /* Build configuration list for PBXProject "DL_MVVM" */ = {
			isa = XCConfigurationList;
			buildConfigurations = (
				653B844C1D45AFE700890D00 /* Debug */,
				653B844D1D45AFE700890D00 /* Release */,
			);
			defaultConfigurationIsVisible = 0;
			defaultConfigurationName = Release;
		};
		653B844E1D45AFE700890D00 /* Build configuration list for PBXNativeTarget "DL_MVVM" */ = {
			isa = XCConfigurationList;
			buildConfigurations = (
				653B844F1D45AFE700890D00 /* Debug */,
				653B84501D45AFE700890D00 /* Release */,
			);
			defaultConfigurationIsVisible = 0;
			defaultConfigurationName = Release;
		};
/* End XCConfigurationList section */
	};
	rootObject = 653B842F1D45AFE700890D00 /* Project object */;
}
